{
  "name": "kruskal-algorithm",
  "version": "1.0.0",
  "lockfileVersion": 3,
  "requires": true,
  "packages": {
    "": {
      "name": "kruskal-algorithm",
      "version": "1.0.0",
      "license": "ISC",
      "dependencies": {
        "js-graph-algorithms": "^1.0.18"
      }
    },
    "node_modules/js-graph-algorithms": {
      "version": "1.0.18",
      "resolved": "https://registry.npmjs.org/js-graph-algorithms/-/js-graph-algorithms-1.0.18.tgz",
      "integrity": "sha512-Gu1wtWzXBzGeye/j9BuyplGHscwqKRZodp/0M1vyBc19RJpblSwKGu099KwwaTx9cRIV+Qupk8xUMfEiGfFqSA==",
      "bin": {
        "js-graphs": "src/jsgraphs.js"
      }
    }
  }
}
